
Microsoft Visual Studio Solution File, Format Version 12.00
# Visual Studio Version 17
VisualStudioVersion = 17.11.35327.3
MinimumVisualStudioVersion = 10.0.40219.1
Project("{FAE04EC0-301F-11D3-BF4B-00C04F79EFBC}") = "FootTest", "FootTest.csproj", "{57AC5634-96DB-4EDE-A6F2-A359D86FE874}"
EndProject
Global
	GlobalSection(SolutionConfigurationPlatforms) = preSolution
		Debug|Any CPU = Debug|Any CPU
		Release|Any CPU = Release|Any CPU
	EndGlobalSection
	GlobalSection(ProjectConfigurationPlatforms) = postSolution
		{57AC5634-96DB-4EDE-A6F2-A359D86FE874}.Debug|Any CPU.ActiveCfg = Debug|Any CPU
		{57AC5634-96DB-4EDE-A6F2-A359D86FE874}.Debug|Any CPU.Build.0 = Debug|Any CPU
		{57AC5634-96DB-4EDE-A6F2-A359D86FE874}.Release|Any CPU.ActiveCfg = Release|Any CPU
		{57AC5634-96DB-4EDE-A6F2-A359D86FE874}.Release|Any CPU.Build.0 = Release|Any CPU
	EndGlobalSection
	GlobalSection(SolutionProperties) = preSolution
		HideSolutionNode = FALSE
	EndGlobalSection
	GlobalSection(ExtensibilityGlobals) = postSolution
		SolutionGuid = {9D6315DB-3221-40D2-A911-EF3201F5D43B}
	EndGlobalSection
EndGlobal
